
Microsoft Visual Studio Solution File, Format Version 12.00
# Visual Studio Version 17
VisualStudioVersion = 17.0.31903.59
MinimumVisualStudioVersion = 10.0.40219.1
Project("{2150E333-8FDC-42A3-9474-1A3956D46DE8}") = "src", "src", "{827E0CD3-B72D-47B6-A68D-7590B98EB39B}"
EndProject
Project("{2150E333-8FDC-42A3-9474-1A3956D46DE8}") = "Common", "Common", "{BFF2DF6E-AA54-47C7-211F-79ACCBB4577C}"
EndProject
Project("{FAE04EC0-301F-11D3-BF4B-00C04F79EFBC}") = "Common.Contracts", "src\Common\Common.Contracts\Common.Contracts.csproj", "{FF894603-5AB3-4A9B-82F6-5FD0000465A1}"
EndProject
Project("{FAE04EC0-301F-11D3-BF4B-00C04F79EFBC}") = "Common.Locks", "src\Common\Common.Locks\Common.Locks.csproj", "{734EB3B5-BAEA-42AE-BB4C-7997F73373FE}"
EndProject
Project("{FAE04EC0-301F-11D3-BF4B-00C04F79EFBC}") = "Common.Messaging", "src\Common\Common.Messaging\Common.Messaging.csproj", "{8147ECB7-C81A-41F1-9265-1A31F4303B4C}"
EndProject
Project("{FAE04EC0-301F-11D3-BF4B-00C04F79EFBC}") = "Common.Observability", "src\Common\Common.Observability\Common.Observability.csproj", "{8082E76B-665F-462A-8A7D-8EC9AB9479F5}"
EndProject
Project("{FAE04EC0-301F-11D3-BF4B-00C04F79EFBC}") = "Common.Security", "src\Common\Common.Security\Common.Security.csproj", "{8AA9E9BA-95F5-49E7-9705-3D33BDCAB10C}"
EndProject
Project("{FAE04EC0-301F-11D3-BF4B-00C04F79EFBC}") = "Auth.API", "src\Services\Auth\Auth.API\Auth.API.csproj", "{E57C5172-DC17-4214-A0CB-0FBBB75203E4}"
EndProject
Project("{FAE04EC0-301F-11D3-BF4B-00C04F79EFBC}") = "Auth.Core", "src\Services\Auth\Auth.Core\Auth.Core.csproj", "{1BF88B32-F107-4AC8-9D9B-300B35EE7D0B}"
EndProject
Project("{FAE04EC0-301F-11D3-BF4B-00C04F79EFBC}") = "Auth.Grpc", "src\Services\Auth\Auth.Grpc\Auth.Grpc.csproj", "{FED1D9C6-1628-449A-B9E1-3925F32C6837}"
EndProject
Project("{FAE04EC0-301F-11D3-BF4B-00C04F79EFBC}") = "Auth.Infrastructure", "src\Services\Auth\Auth.Infrastructure\Auth.Infrastructure.csproj", "{338AA624-0820-4ECC-AA56-343BD2E844A1}"
EndProject
Project("{FAE04EC0-301F-11D3-BF4B-00C04F79EFBC}") = "Customer.API", "src\Services\Customer\Customer.API\Customer.API.csproj", "{84E17C65-25C3-48AD-A324-A34256866BEE}"
EndProject
Project("{FAE04EC0-301F-11D3-BF4B-00C04F79EFBC}") = "Customer.Core", "src\Services\Customer\Customer.Core\Customer.Core.csproj", "{08D6D118-AC30-4E48-BB3C-EF0274318C51}"
EndProject
Project("{FAE04EC0-301F-11D3-BF4B-00C04F79EFBC}") = "Customer.Grpc", "src\Services\Customer\Customer.Grpc\Customer.Grpc.csproj", "{76DF94B6-847A-4C7C-B87E-883CB20589FF}"
EndProject
Project("{FAE04EC0-301F-11D3-BF4B-00C04F79EFBC}") = "Customer.Infrastructure", "src\Services\Customer\Customer.Infrastructure\Customer.Infrastructure.csproj", "{B9953B01-EF56-4095-B757-6B91889447DE}"
EndProject
Global
	GlobalSection(SolutionConfigurationPlatforms) = preSolution
		Debug|Any CPU = Debug|Any CPU
		Debug|x64 = Debug|x64
		Debug|x86 = Debug|x86
		Release|Any CPU = Release|Any CPU
		Release|x64 = Release|x64
		Release|x86 = Release|x86
	EndGlobalSection
	GlobalSection(ProjectConfigurationPlatforms) = postSolution
		{FF894603-5AB3-4A9B-82F6-5FD0000465A1}.Debug|Any CPU.ActiveCfg = Debug|Any CPU
		{FF894603-5AB3-4A9B-82F6-5FD0000465A1}.Debug|Any CPU.Build.0 = Debug|Any CPU
		{FF894603-5AB3-4A9B-82F6-5FD0000465A1}.Debug|x64.ActiveCfg = Debug|Any CPU
		{FF894603-5AB3-4A9B-82F6-5FD0000465A1}.Debug|x64.Build.0 = Debug|Any CPU
		{FF894603-5AB3-4A9B-82F6-5FD0000465A1}.Debug|x86.ActiveCfg = Debug|Any CPU
		{FF894603-5AB3-4A9B-82F6-5FD0000465A1}.Debug|x86.Build.0 = Debug|Any CPU
		{FF894603-5AB3-4A9B-82F6-5FD0000465A1}.Release|Any CPU.ActiveCfg = Release|Any CPU
		{FF894603-5AB3-4A9B-82F6-5FD0000465A1}.Release|Any CPU.Build.0 = Release|Any CPU
		{FF894603-5AB3-4A9B-82F6-5FD0000465A1}.Release|x64.ActiveCfg = Release|Any CPU
		{FF894603-5AB3-4A9B-82F6-5FD0000465A1}.Release|x64.Build.0 = Release|Any CPU
		{FF894603-5AB3-4A9B-82F6-5FD0000465A1}.Release|x86.ActiveCfg = Release|Any CPU
		{FF894603-5AB3-4A9B-82F6-5FD0000465A1}.Release|x86.Build.0 = Release|Any CPU
		{734EB3B5-BAEA-42AE-BB4C-7997F73373FE}.Debug|Any CPU.ActiveCfg = Debug|Any CPU
		{734EB3B5-BAEA-42AE-BB4C-7997F73373FE}.Debug|Any CPU.Build.0 = Debug|Any CPU
		{734EB3B5-BAEA-42AE-BB4C-7997F73373FE}.Debug|x64.ActiveCfg = Debug|Any CPU
		{734EB3B5-BAEA-42AE-BB4C-7997F73373FE}.Debug|x64.Build.0 = Debug|Any CPU
		{734EB3B5-BAEA-42AE-BB4C-7997F73373FE}.Debug|x86.ActiveCfg = Debug|Any CPU
		{734EB3B5-BAEA-42AE-BB4C-7997F73373FE}.Debug|x86.Build.0 = Debug|Any CPU
		{734EB3B5-BAEA-42AE-BB4C-7997F73373FE}.Release|Any CPU.ActiveCfg = Release|Any CPU
		{734EB3B5-BAEA-42AE-BB4C-7997F73373FE}.Release|Any CPU.Build.0 = Release|Any CPU
		{734EB3B5-BAEA-42AE-BB4C-7997F73373FE}.Release|x64.ActiveCfg = Release|Any CPU
		{734EB3B5-BAEA-42AE-BB4C-7997F73373FE}.Release|x64.Build.0 = Release|Any CPU
		{734EB3B5-BAEA-42AE-BB4C-7997F73373FE}.Release|x86.ActiveCfg = Release|Any CPU
		{734EB3B5-BAEA-42AE-BB4C-7997F73373FE}.Release|x86.Build.0 = Release|Any CPU
		{8147ECB7-C81A-41F1-9265-1A31F4303B4C}.Debug|Any CPU.ActiveCfg = Debug|Any CPU
		{8147ECB7-C81A-41F1-9265-1A31F4303B4C}.Debug|Any CPU.Build.0 = Debug|Any CPU
		{8147ECB7-C81A-41F1-9265-1A31F4303B4C}.Debug|x64.ActiveCfg = Debug|Any CPU
		{8147ECB7-C81A-41F1-9265-1A31F4303B4C}.Debug|x64.Build.0 = Debug|Any CPU
		{8147ECB7-C81A-41F1-9265-1A31F4303B4C}.Debug|x86.ActiveCfg = Debug|Any CPU
		{8147ECB7-C81A-41F1-9265-1A31F4303B4C}.Debug|x86.Build.0 = Debug|Any CPU
		{8147ECB7-C81A-41F1-9265-1A31F4303B4C}.Release|Any CPU.ActiveCfg = Release|Any CPU
		{8147ECB7-C81A-41F1-9265-1A31F4303B4C}.Release|Any CPU.Build.0 = Release|Any CPU
		{8147ECB7-C81A-41F1-9265-1A31F4303B4C}.Release|x64.ActiveCfg = Release|Any CPU
		{8147ECB7-C81A-41F1-9265-1A31F4303B4C}.Release|x64.Build.0 = Release|Any CPU
		{8147ECB7-C81A-41F1-9265-1A31F4303B4C}.Release|x86.ActiveCfg = Release|Any CPU
		{8147ECB7-C81A-41F1-9265-1A31F4303B4C}.Release|x86.Build.0 = Release|Any CPU
		{8082E76B-665F-462A-8A7D-8EC9AB9479F5}.Debug|Any CPU.ActiveCfg = Debug|Any CPU
		{8082E76B-665F-462A-8A7D-8EC9AB9479F5}.Debug|Any CPU.Build.0 = Debug|Any CPU
		{8082E76B-665F-462A-8A7D-8EC9AB9479F5}.Debug|x64.ActiveCfg = Debug|Any CPU
		{8082E76B-665F-462A-8A7D-8EC9AB9479F5}.Debug|x64.Build.0 = Debug|Any CPU
		{8082E76B-665F-462A-8A7D-8EC9AB9479F5}.Debug|x86.ActiveCfg = Debug|Any CPU
		{8082E76B-665F-462A-8A7D-8EC9AB9479F5}.Debug|x86.Build.0 = Debug|Any CPU
		{8082E76B-665F-462A-8A7D-8EC9AB9479F5}.Release|Any CPU.ActiveCfg = Release|Any CPU
		{8082E76B-665F-462A-8A7D-8EC9AB9479F5}.Release|Any CPU.Build.0 = Release|Any CPU
		{8082E76B-665F-462A-8A7D-8EC9AB9479F5}.Release|x64.ActiveCfg = Release|Any CPU
		{8082E76B-665F-462A-8A7D-8EC9AB9479F5}.Release|x64.Build.0 = Release|Any CPU
		{8082E76B-665F-462A-8A7D-8EC9AB9479F5}.Release|x86.ActiveCfg = Release|Any CPU
		{8082E76B-665F-462A-8A7D-8EC9AB9479F5}.Release|x86.Build.0 = Release|Any CPU
		{8AA9E9BA-95F5-49E7-9705-3D33BDCAB10C}.Debug|Any CPU.ActiveCfg = Debug|Any CPU
		{8AA9E9BA-95F5-49E7-9705-3D33BDCAB10C}.Debug|Any CPU.Build.0 = Debug|Any CPU
		{8AA9E9BA-95F5-49E7-9705-3D33BDCAB10C}.Debug|x64.ActiveCfg = Debug|Any CPU
		{8AA9E9BA-95F5-49E7-9705-3D33BDCAB10C}.Debug|x64.Build.0 = Debug|Any CPU
		{8AA9E9BA-95F5-49E7-9705-3D33BDCAB10C}.Debug|x86.ActiveCfg = Debug|Any CPU
		{8AA9E9BA-95F5-49E7-9705-3D33BDCAB10C}.Debug|x86.Build.0 = Debug|Any CPU
		{8AA9E9BA-95F5-49E7-9705-3D33BDCAB10C}.Release|Any CPU.ActiveCfg = Release|Any CPU
		{8AA9E9BA-95F5-49E7-9705-3D33BDCAB10C}.Release|Any CPU.Build.0 = Release|Any CPU
		{8AA9E9BA-95F5-49E7-9705-3D33BDCAB10C}.Release|x64.ActiveCfg = Release|Any CPU
		{8AA9E9BA-95F5-49E7-9705-3D33BDCAB10C}.Release|x64.Build.0 = Release|Any CPU
		{8AA9E9BA-95F5-49E7-9705-3D33BDCAB10C}.Release|x86.ActiveCfg = Release|Any CPU
		{8AA9E9BA-95F5-49E7-9705-3D33BDCAB10C}.Release|x86.Build.0 = Release|Any CPU
		{E57C5172-DC17-4214-A0CB-0FBBB75203E4}.Debug|Any CPU.ActiveCfg = Debug|Any CPU
		{E57C5172-DC17-4214-A0CB-0FBBB75203E4}.Debug|Any CPU.Build.0 = Debug|Any CPU
		{E57C5172-DC17-4214-A0CB-0FBBB75203E4}.Debug|x64.ActiveCfg = Debug|Any CPU
		{E57C5172-DC17-4214-A0CB-0FBBB75203E4}.Debug|x64.Build.0 = Debug|Any CPU
		{E57C5172-DC17-4214-A0CB-0FBBB75203E4}.Debug|x86.ActiveCfg = Debug|Any CPU
		{E57C5172-DC17-4214-A0CB-0FBBB75203E4}.Debug|x86.Build.0 = Debug|Any CPU
		{E57C5172-DC17-4214-A0CB-0FBBB75203E4}.Release|Any CPU.ActiveCfg = Release|Any CPU
		{E57C5172-DC17-4214-A0CB-0FBBB75203E4}.Release|Any CPU.Build.0 = Release|Any CPU
		{E57C5172-DC17-4214-A0CB-0FBBB75203E4}.Release|x64.ActiveCfg = Release|Any CPU
		{E57C5172-DC17-4214-A0CB-0FBBB75203E4}.Release|x64.Build.0 = Release|Any CPU
		{E57C5172-DC17-4214-A0CB-0FBBB75203E4}.Release|x86.ActiveCfg = Release|Any CPU
		{E57C5172-DC17-4214-A0CB-0FBBB75203E4}.Release|x86.Build.0 = Release|Any CPU
		{1BF88B32-F107-4AC8-9D9B-300B35EE7D0B}.Debug|Any CPU.ActiveCfg = Debug|Any CPU
		{1BF88B32-F107-4AC8-9D9B-300B35EE7D0B}.Debug|Any CPU.Build.0 = Debug|Any CPU
		{1BF88B32-F107-4AC8-9D9B-300B35EE7D0B}.Debug|x64.ActiveCfg = Debug|Any CPU
		{1BF88B32-F107-4AC8-9D9B-300B35EE7D0B}.Debug|x64.Build.0 = Debug|Any CPU
		{1BF88B32-F107-4AC8-9D9B-300B35EE7D0B}.Debug|x86.ActiveCfg = Debug|Any CPU
		{1BF88B32-F107-4AC8-9D9B-300B35EE7D0B}.Debug|x86.Build.0 = Debug|Any CPU
		{1BF88B32-F107-4AC8-9D9B-300B35EE7D0B}.Release|Any CPU.ActiveCfg = Release|Any CPU
		{1BF88B32-F107-4AC8-9D9B-300B35EE7D0B}.Release|Any CPU.Build.0 = Release|Any CPU
		{1BF88B32-F107-4AC8-9D9B-300B35EE7D0B}.Release|x64.ActiveCfg = Release|Any CPU
		{1BF88B32-F107-4AC8-9D9B-300B35EE7D0B}.Release|x64.Build.0 = Release|Any CPU
		{1BF88B32-F107-4AC8-9D9B-300B35EE7D0B}.Release|x86.ActiveCfg = Release|Any CPU
		{1BF88B32-F107-4AC8-9D9B-300B35EE7D0B}.Release|x86.Build.0 = Release|Any CPU
		{FED1D9C6-1628-449A-B9E1-3925F32C6837}.Debug|Any CPU.ActiveCfg = Debug|Any CPU
		{FED1D9C6-1628-449A-B9E1-3925F32C6837}.Debug|Any CPU.Build.0 = Debug|Any CPU
		{FED1D9C6-1628-449A-B9E1-3925F32C6837}.Debug|x64.ActiveCfg = Debug|Any CPU
		{FED1D9C6-1628-449A-B9E1-3925F32C6837}.Debug|x64.Build.0 = Debug|Any CPU
		{FED1D9C6-1628-449A-B9E1-3925F32C6837}.Debug|x86.ActiveCfg = Debug|Any CPU
		{FED1D9C6-1628-449A-B9E1-3925F32C6837}.Debug|x86.Build.0 = Debug|Any CPU
		{FED1D9C6-1628-449A-B9E1-3925F32C6837}.Release|Any CPU.ActiveCfg = Release|Any CPU
		{FED1D9C6-1628-449A-B9E1-3925F32C6837}.Release|Any CPU.Build.0 = Release|Any CPU
		{FED1D9C6-1628-449A-B9E1-3925F32C6837}.Release|x64.ActiveCfg = Release|Any CPU
		{FED1D9C6-1628-449A-B9E1-3925F32C6837}.Release|x64.Build.0 = Release|Any CPU
		{FED1D9C6-1628-449A-B9E1-3925F32C6837}.Release|x86.ActiveCfg = Release|Any CPU
		{FED1D9C6-1628-449A-B9E1-3925F32C6837}.Release|x86.Build.0 = Release|Any CPU
		{338AA624-0820-4ECC-AA56-343BD2E844A1}.Debug|Any CPU.ActiveCfg = Debug|Any CPU
		{338AA624-0820-4ECC-AA56-343BD2E844A1}.Debug|Any CPU.Build.0 = Debug|Any CPU
		{338AA624-0820-4ECC-AA56-343BD2E844A1}.Debug|x64.ActiveCfg = Debug|Any CPU
		{338AA624-0820-4ECC-AA56-343BD2E844A1}.Debug|x64.Build.0 = Debug|Any CPU
		{338AA624-0820-4ECC-AA56-343BD2E844A1}.Debug|x86.ActiveCfg = Debug|Any CPU
		{338AA624-0820-4ECC-AA56-343BD2E844A1}.Debug|x86.Build.0 = Debug|Any CPU
		{338AA624-0820-4ECC-AA56-343BD2E844A1}.Release|Any CPU.ActiveCfg = Release|Any CPU
		{338AA624-0820-4ECC-AA56-343BD2E844A1}.Release|Any CPU.Build.0 = Release|Any CPU
		{338AA624-0820-4ECC-AA56-343BD2E844A1}.Release|x64.ActiveCfg = Release|Any CPU
		{338AA624-0820-4ECC-AA56-343BD2E844A1}.Release|x64.Build.0 = Release|Any CPU
		{338AA624-0820-4ECC-AA56-343BD2E844A1}.Release|x86.ActiveCfg = Release|Any CPU
		{338AA624-0820-4ECC-AA56-343BD2E844A1}.Release|x86.Build.0 = Release|Any CPU
		{84E17C65-25C3-48AD-A324-A34256866BEE}.Debug|Any CPU.ActiveCfg = Debug|Any CPU
		{84E17C65-25C3-48AD-A324-A34256866BEE}.Debug|Any CPU.Build.0 = Debug|Any CPU
		{84E17C65-25C3-48AD-A324-A34256866BEE}.Debug|x64.ActiveCfg = Debug|Any CPU
		{84E17C65-25C3-48AD-A324-A34256866BEE}.Debug|x64.Build.0 = Debug|Any CPU
		{84E17C65-25C3-48AD-A324-A34256866BEE}.Debug|x86.ActiveCfg = Debug|Any CPU
		{84E17C65-25C3-48AD-A324-A34256866BEE}.Debug|x86.Build.0 = Debug|Any CPU
		{84E17C65-25C3-48AD-A324-A34256866BEE}.Release|Any CPU.ActiveCfg = Release|Any CPU
		{84E17C65-25C3-48AD-A324-A34256866BEE}.Release|Any CPU.Build.0 = Release|Any CPU
		{84E17C65-25C3-48AD-A324-A34256866BEE}.Release|x64.ActiveCfg = Release|Any CPU
		{84E17C65-25C3-48AD-A324-A34256866BEE}.Release|x64.Build.0 = Release|Any CPU
		{84E17C65-25C3-48AD-A324-A34256866BEE}.Release|x86.ActiveCfg = Release|Any CPU
		{84E17C65-25C3-48AD-A324-A34256866BEE}.Release|x86.Build.0 = Release|Any CPU
		{08D6D118-AC30-4E48-BB3C-EF0274318C51}.Debug|Any CPU.ActiveCfg = Debug|Any CPU
		{08D6D118-AC30-4E48-BB3C-EF0274318C51}.Debug|Any CPU.Build.0 = Debug|Any CPU
		{08D6D118-AC30-4E48-BB3C-EF0274318C51}.Debug|x64.ActiveCfg = Debug|Any CPU
		{08D6D118-AC30-4E48-BB3C-EF0274318C51}.Debug|x64.Build.0 = Debug|Any CPU
		{08D6D118-AC30-4E48-BB3C-EF0274318C51}.Debug|x86.ActiveCfg = Debug|Any CPU
		{08D6D118-AC30-4E48-BB3C-EF0274318C51}.Debug|x86.Build.0 = Debug|Any CPU
		{08D6D118-AC30-4E48-BB3C-EF0274318C51}.Release|Any CPU.ActiveCfg = Release|Any CPU
		{08D6D118-AC30-4E48-BB3C-EF0274318C51}.Release|Any CPU.Build.0 = Release|Any CPU
		{08D6D118-AC30-4E48-BB3C-EF0274318C51}.Release|x64.ActiveCfg = Release|Any CPU
		{08D6D118-AC30-4E48-BB3C-EF0274318C51}.Release|x64.Build.0 = Release|Any CPU
		{08D6D118-AC30-4E48-BB3C-EF0274318C51}.Release|x86.ActiveCfg = Release|Any CPU
		{08D6D118-AC30-4E48-BB3C-EF0274318C51}.Release|x86.Build.0 = Release|Any CPU
		{76DF94B6-847A-4C7C-B87E-883CB20589FF}.Debug|Any CPU.ActiveCfg = Debug|Any CPU
		{76DF94B6-847A-4C7C-B87E-883CB20589FF}.Debug|Any CPU.Build.0 = Debug|Any CPU
		{76DF94B6-847A-4C7C-B87E-883CB20589FF}.Debug|x64.ActiveCfg = Debug|Any CPU
		{76DF94B6-847A-4C7C-B87E-883CB20589FF}.Debug|x64.Build.0 = Debug|Any CPU
		{76DF94B6-847A-4C7C-B87E-883CB20589FF}.Debug|x86.ActiveCfg = Debug|Any CPU
		{76DF94B6-847A-4C7C-B87E-883CB20589FF}.Debug|x86.Build.0 = Debug|Any CPU
		{76DF94B6-847A-4C7C-B87E-883CB20589FF}.Release|Any CPU.ActiveCfg = Release|Any CPU
		{76DF94B6-847A-4C7C-B87E-883CB20589FF}.Release|Any CPU.Build.0 = Release|Any CPU
		{76DF94B6-847A-4C7C-B87E-883CB20589FF}.Release|x64.ActiveCfg = Release|Any CPU
		{76DF94B6-847A-4C7C-B87E-883CB20589FF}.Release|x64.Build.0 = Release|Any CPU
		{76DF94B6-847A-4C7C-B87E-883CB20589FF}.Release|x86.ActiveCfg = Release|Any CPU
		{76DF94B6-847A-4C7C-B87E-883CB20589FF}.Release|x86.Build.0 = Release|Any CPU
		{B9953B01-EF56-4095-B757-6B91889447DE}.Debug|Any CPU.ActiveCfg = Debug|Any CPU
		{B9953B01-EF56-4095-B757-6B91889447DE}.Debug|Any CPU.Build.0 = Debug|Any CPU
		{B9953B01-EF56-4095-B757-6B91889447DE}.Debug|x64.ActiveCfg = Debug|Any CPU
		{B9953B01-EF56-4095-B757-6B91889447DE}.Debug|x64.Build.0 = Debug|Any CPU
		{B9953B01-EF56-4095-B757-6B91889447DE}.Debug|x86.ActiveCfg = Debug|Any CPU
		{B9953B01-EF56-4095-B757-6B91889447DE}.Debug|x86.Build.0 = Debug|Any CPU
		{B9953B01-EF56-4095-B757-6B91889447DE}.Release|Any CPU.ActiveCfg = Release|Any CPU
		{B9953B01-EF56-4095-B757-6B91889447DE}.Release|Any CPU.Build.0 = Release|Any CPU
		{B9953B01-EF56-4095-B757-6B91889447DE}.Release|x64.ActiveCfg = Release|Any CPU
		{B9953B01-EF56-4095-B757-6B91889447DE}.Release|x64.Build.0 = Release|Any CPU
		{B9953B01-EF56-4095-B757-6B91889447DE}.Release|x86.ActiveCfg = Release|Any CPU
		{B9953B01-EF56-4095-B757-6B91889447DE}.Release|x86.Build.0 = Release|Any CPU
	EndGlobalSection
	GlobalSection(SolutionProperties) = preSolution
		HideSolutionNode = FALSE
	EndGlobalSection
	GlobalSection(NestedProjects) = preSolution
		{BFF2DF6E-AA54-47C7-211F-79ACCBB4577C} = {827E0CD3-B72D-47B6-A68D-7590B98EB39B}
		{FF894603-5AB3-4A9B-82F6-5FD0000465A1} = {BFF2DF6E-AA54-47C7-211F-79ACCBB4577C}
		{734EB3B5-BAEA-42AE-BB4C-7997F73373FE} = {BFF2DF6E-AA54-47C7-211F-79ACCBB4577C}
		{8147ECB7-C81A-41F1-9265-1A31F4303B4C} = {BFF2DF6E-AA54-47C7-211F-79ACCBB4577C}
		{8082E76B-665F-462A-8A7D-8EC9AB9479F5} = {BFF2DF6E-AA54-47C7-211F-79ACCBB4577C}
		{8AA9E9BA-95F5-49E7-9705-3D33BDCAB10C} = {BFF2DF6E-AA54-47C7-211F-79ACCBB4577C}
		{E57C5172-DC17-4214-A0CB-0FBBB75203E4} = {BFF2DF6E-AA54-47C7-211F-79ACCBB4577C}
		{1BF88B32-F107-4AC8-9D9B-300B35EE7D0B} = {BFF2DF6E-AA54-47C7-211F-79ACCBB4577C}
		{FED1D9C6-1628-449A-B9E1-3925F32C6837} = {BFF2DF6E-AA54-47C7-211F-79ACCBB4577C}
		{338AA624-0820-4ECC-AA56-343BD2E844A1} = {BFF2DF6E-AA54-47C7-211F-79ACCBB4577C}
		{84E17C65-25C3-48AD-A324-A34256866BEE} = {BFF2DF6E-AA54-47C7-211F-79ACCBB4577C}
		{08D6D118-AC30-4E48-BB3C-EF0274318C51} = {BFF2DF6E-AA54-47C7-211F-79ACCBB4577C}
		{76DF94B6-847A-4C7C-B87E-883CB20589FF} = {BFF2DF6E-AA54-47C7-211F-79ACCBB4577C}
		{B9953B01-EF56-4095-B757-6B91889447DE} = {BFF2DF6E-AA54-47C7-211F-79ACCBB4577C}
	EndGlobalSection
EndGlobal
